version = 1
revision = 3
requires-python = ">=3.10"

[[package]]
name = "async-timeout"
version = "5.0.1"
source = { registry = "https://pypi.org/simple" }
sdist = { url = "https://files.pythonhosted.org/packages/a5/ae/136395dfbfe00dfc94da3f3e136d0b13f394cba8f4841120e34226265780/async_timeout-5.0.1.tar.gz", hash = "sha256:d9321a7a3d5a6a5e187e824d2fa0793ce379a202935782d555d6e9d2735677d3", size = 9274, upload-time = "2024-11-06T16:41:39.6Z" }
wheels = [
    { url = "https://files.pythonhosted.org/packages/fe/ba/e2081de779ca30d473f21f5b30e0e737c438205440784c7dfc81efc2b029/async_timeout-5.0.1-py3-none-any.whl", hash = "sha256:39e3809566ff85354557ec2398b55e096c8364bacac9405a7a1fa429e77fe76c", size = 6233, upload-time = "2024-11-06T16:41:37.9Z" },
]

[[package]]
name = "falkordb"
version = "1.6.0"
source = { registry = "https://pypi.org/simple" }
dependencies = [
    { name = "python-dateutil" },
    { name = "redis" },
]
sdist = { url = "https://files.pythonhosted.org/packages/72/52/5495fcba8e21c269a605092a7c4a8b33ceecae283dbfe76fc53f7f5b50ab/falkordb-1.6.0.tar.gz", hash = "sha256:5c307d973f3fc3987a18478ebd5882f7e842d4225463a8ef5e026970ebfba8c6", size = 98157, upload-time = "2026-02-21T06:36:19.107Z" }
wheels = [
    { url = "https://files.pythonhosted.org/packages/eb/8b/59ec60885abd3b6b2b3a1e5917627c3cae656b4cff7f847c5217ec3dc952/falkordb-1.6.0-py3-none-any.whl", hash = "sha256:0f190e9d6104595fd51ece4f1e7b5d49d62cfee346d94151d7986a138fd90d89", size = 37378, upload-time = "2026-02-21T06:36:17.769Z" },
]

[[package]]
name = "graphrag-toolkit-lexical-graph-falkordb"
version = "1.0.1"
source = { editable = "." }
dependencies = [
    { name = "falkordb" },
    { name = "redis" },
]

[package.metadata]
requires-dist = [
    { name = "falkordb" },
    { name = "redis" },
]

[[package]]
name = "python-dateutil"
version = "2.9.0.post0"
source = { registry = "https://pypi.org/simple" }
dependencies = [
    { name = "six" },
]
sdist = { url = "https://files.pythonhosted.org/packages/66/c0/0c8b6ad9f17a802ee498c46e004a0eb49bc148f2fd230864601a86dcf6db/python-dateutil-2.9.0.post0.tar.gz", hash = "sha256:37dd54208da7e1cd875388217d5e00ebd4179249f90fb72437e91a35459a0ad3", size = 342432, upload-time = "2024-03-01T18:36:20.211Z" }
wheels = [
    { url = "https://files.pythonhosted.org/packages/ec/57/56b9bcc3c9c6a792fcbaf139543cee77261f3651ca9da0c93f5c1221264b/python_dateutil-2.9.0.post0-py2.py3-none-any.whl", hash = "sha256:a8b2bc7bffae282281c8140a97d3aa9c14da0b136dfe83f850eea9a5f7470427", size = 229892, upload-time = "2024-03-01T18:36:18.57Z" },
]

[[package]]
name = "redis"
version = "7.3.0"
source = { registry = "https://pypi.org/simple" }
dependencies = [
    { name = "async-timeout", marker = "python_full_version < '3.11.3'" },
]
sdist = { url = "https://files.pythonhosted.org/packages/da/82/4d1a5279f6c1251d3d2a603a798a1137c657de9b12cfc1fba4858232c4d2/redis-7.3.0.tar.gz", hash = "sha256:4d1b768aafcf41b01022410b3cc4f15a07d9b3d6fe0c66fc967da2c88e551034", size = 4928081, upload-time = "2026-03-06T18:18:16.287Z" }
wheels = [
    { url = "https://files.pythonhosted.org/packages/f0/28/84e57fce7819e81ec5aa1bd31c42b89607241f4fb1a3ea5b0d2dbeaea26c/redis-7.3.0-py3-none-any.whl", hash = "sha256:9d4fcb002a12a5e3c3fbe005d59c48a2cc231f87fbb2f6b70c2d89bb64fec364", size = 404379, upload-time = "2026-03-06T18:18:14.583Z" },
]

[[package]]
name = "six"
version = "1.17.0"
source = { registry = "https://pypi.org/simple" }
sdist = { url = "https://files.pythonhosted.org/packages/94/e7/b2c673351809dca68a0e064b6af791aa332cf192da575fd474ed7d6f16a2/six-1.17.0.tar.gz", hash = "sha256:ff70335d468e7eb6ec65b95b99d3a2836546063f63acc5171de367e834932a81", size = 34031, upload-time = "2024-12-04T17:35:28.174Z" }
wheels = [
    { url = "https://files.pythonhosted.org/packages/b7/ce/149a00dd41f10bc29e5921b496af8b574d8413afcd5e30dfa0ed46c2cc5e/six-1.17.0-py2.py3-none-any.whl", hash = "sha256:4721f391ed90541fddacab5acf947aa0d3dc7d27b2e1e8eda2be8970586c3274", size = 11050, upload-time = "2024-12-04T17:35:26.475Z" },
]
